
Microsoft Visual Studio Solution File, Format Version 9.00
# Visual Studio 2005
Project("{FAE04EC0-301F-11D3-BF4B-00C04F79EFBC}") = "MathRegex", "MathRegex\MathRegex.csproj", "{D737E57B-B199-456B-B984-269DEE6B23E5}"
EndProject
Project("{54435603-DBB4-11D2-8724-00A0C9A8B90C}") = "Setup1", "Setup1\Setup1.vdproj", "{DFE665D3-088D-4291-B6C1-0397AA629334}"
EndProject
Global
	GlobalSection(SolutionConfigurationPlatforms) = preSolution
		Debug|Any CPU = Debug|Any CPU
		Release|Any CPU = Release|Any CPU
	EndGlobalSection
	GlobalSection(ProjectConfigurationPlatforms) = postSolution
		{D737E57B-B199-456B-B984-269DEE6B23E5}.Debug|Any CPU.ActiveCfg = Debug|Any CPU
		{D737E57B-B199-456B-B984-269DEE6B23E5}.Debug|Any CPU.Build.0 = Debug|Any CPU
		{D737E57B-B199-456B-B984-269DEE6B23E5}.Release|Any CPU.ActiveCfg = Release|Any CPU
		{D737E57B-B199-456B-B984-269DEE6B23E5}.Release|Any CPU.Build.0 = Release|Any CPU
		{DFE665D3-088D-4291-B6C1-0397AA629334}.Debug|Any CPU.ActiveCfg = Debug
		{DFE665D3-088D-4291-B6C1-0397AA629334}.Release|Any CPU.ActiveCfg = Release
	EndGlobalSection
	GlobalSection(SolutionProperties) = preSolution
		HideSolutionNode = FALSE
	EndGlobalSection
EndGlobal
