
Microsoft Visual Studio Solution File, Format Version 12.00
# Blend for Visual Studio 14
VisualStudioVersion = 14.0.23107.0
MinimumVisualStudioVersion = 10.0.40219.1
Project("{FAE04EC0-301F-11D3-BF4B-00C04F79EFBC}") = "DoubleFile", "DoubleFile\DoubleFile.csproj", "{CB92B8A5-9545-45D2-B5AF-8EA926A991E4}"
EndProject
Project("{FAE04EC0-301F-11D3-BF4B-00C04F79EFBC}") = "VolTreeMap", "VolTreeMap\VolTreeMap.csproj", "{66301E65-DBA9-4E1A-805D-5030C2FDD40D}"
EndProject
Global
	GlobalSection(SolutionConfigurationPlatforms) = preSolution
		0. FOOBAR|Any CPU = 0. FOOBAR|Any CPU
		1. Debug|Any CPU = 1. Debug|Any CPU
		2. Debug LocalMbox|Any CPU = 2. Debug LocalMbox|Any CPU
		3. Publish|Any CPU = 3. Publish|Any CPU
	EndGlobalSection
	GlobalSection(ProjectConfigurationPlatforms) = postSolution
		{CB92B8A5-9545-45D2-B5AF-8EA926A991E4}.0. FOOBAR|Any CPU.ActiveCfg = FOOBAR|Any CPU
		{CB92B8A5-9545-45D2-B5AF-8EA926A991E4}.0. FOOBAR|Any CPU.Build.0 = FOOBAR|Any CPU
		{CB92B8A5-9545-45D2-B5AF-8EA926A991E4}.1. Debug|Any CPU.ActiveCfg = Debug|Any CPU
		{CB92B8A5-9545-45D2-B5AF-8EA926A991E4}.1. Debug|Any CPU.Build.0 = Debug|Any CPU
		{CB92B8A5-9545-45D2-B5AF-8EA926A991E4}.2. Debug LocalMbox|Any CPU.ActiveCfg = Debug LocalMbox|Any CPU
		{CB92B8A5-9545-45D2-B5AF-8EA926A991E4}.2. Debug LocalMbox|Any CPU.Build.0 = Debug LocalMbox|Any CPU
		{CB92B8A5-9545-45D2-B5AF-8EA926A991E4}.3. Publish|Any CPU.ActiveCfg = Publish|Any CPU
		{CB92B8A5-9545-45D2-B5AF-8EA926A991E4}.3. Publish|Any CPU.Build.0 = Publish|Any CPU
		{66301E65-DBA9-4E1A-805D-5030C2FDD40D}.0. FOOBAR|Any CPU.ActiveCfg = Release|Any CPU
		{66301E65-DBA9-4E1A-805D-5030C2FDD40D}.0. FOOBAR|Any CPU.Build.0 = Release|Any CPU
		{66301E65-DBA9-4E1A-805D-5030C2FDD40D}.1. Debug|Any CPU.ActiveCfg = Debug|Any CPU
		{66301E65-DBA9-4E1A-805D-5030C2FDD40D}.1. Debug|Any CPU.Build.0 = Debug|Any CPU
		{66301E65-DBA9-4E1A-805D-5030C2FDD40D}.2. Debug LocalMbox|Any CPU.ActiveCfg = Debug|Any CPU
		{66301E65-DBA9-4E1A-805D-5030C2FDD40D}.2. Debug LocalMbox|Any CPU.Build.0 = Debug|Any CPU
		{66301E65-DBA9-4E1A-805D-5030C2FDD40D}.3. Publish|Any CPU.ActiveCfg = Release|Any CPU
		{66301E65-DBA9-4E1A-805D-5030C2FDD40D}.3. Publish|Any CPU.Build.0 = Release|Any CPU
	EndGlobalSection
	GlobalSection(SolutionProperties) = preSolution
		HideSolutionNode = FALSE
	EndGlobalSection
EndGlobal
